
Microsoft Visual Studio Solution File, Format Version 12.00
# Visual Studio Version 16
VisualStudioVersion = 16.0.30002.166
MinimumVisualStudioVersion = 10.0.40219.1
Project("{FAE04EC0-301F-11D3-BF4B-00C04F79EFBC}") = "Tetris", "Tetris\Tetris.csproj", "{359B6797-9A40-4C6A-ACD2-967C471CE39D}"
EndProject
Global
	GlobalSection(SolutionConfigurationPlatforms) = preSolution
		Debug|Any CPU = Debug|Any CPU
		Release|Any CPU = Release|Any CPU
	EndGlobalSection
	GlobalSection(ProjectConfigurationPlatforms) = postSolution
		{359B6797-9A40-4C6A-ACD2-967C471CE39D}.Debug|Any CPU.ActiveCfg = Debug|Any CPU
		{359B6797-9A40-4C6A-ACD2-967C471CE39D}.Debug|Any CPU.Build.0 = Debug|Any CPU
		{359B6797-9A40-4C6A-ACD2-967C471CE39D}.Release|Any CPU.ActiveCfg = Release|Any CPU
		{359B6797-9A40-4C6A-ACD2-967C471CE39D}.Release|Any CPU.Build.0 = Release|Any CPU
	EndGlobalSection
	GlobalSection(SolutionProperties) = preSolution
		HideSolutionNode = FALSE
	EndGlobalSection
	GlobalSection(ExtensibilityGlobals) = postSolution
		SolutionGuid = {8F06F62F-3E93-40CF-8099-A8CD17DE8BCE}
	EndGlobalSection
EndGlobal
